
Microsoft Visual Studio Solution File, Format Version 12.00
# Visual Studio Version 16
VisualStudioVersion = 16.0.31515.178
MinimumVisualStudioVersion = 10.0.40219.1
Project("{FAE04EC0-301F-11D3-BF4B-00C04F79EFBC}") = "CP_App.Android", "CP_App\CP_App.Android\CP_App.Android.csproj", "{1E74727E-EC44-4DED-BE12-65A4A149558A}"
EndProject
Project("{FAE04EC0-301F-11D3-BF4B-00C04F79EFBC}") = "CP_App.iOS", "CP_App\CP_App.iOS\CP_App.iOS.csproj", "{91AEDB79-A8F0-44FB-9791-37A40AED4ACE}"
EndProject
Project("{FAE04EC0-301F-11D3-BF4B-00C04F79EFBC}") = "CP_App", "CP_App\CP_App\CP_App.csproj", "{2EEE2F4D-2DD2-4D0B-A9E1-192318E1E0FA}"
EndProject
Global
	GlobalSection(SolutionConfigurationPlatforms) = preSolution
		Debug|Any CPU = Debug|Any CPU
		Debug|iPhone = Debug|iPhone
		Debug|iPhoneSimulator = Debug|iPhoneSimulator
		Release|Any CPU = Release|Any CPU
		Release|iPhone = Release|iPhone
		Release|iPhoneSimulator = Release|iPhoneSimulator
	EndGlobalSection
	GlobalSection(ProjectConfigurationPlatforms) = postSolution
		{1E74727E-EC44-4DED-BE12-65A4A149558A}.Debug|Any CPU.ActiveCfg = Debug|Any CPU
		{1E74727E-EC44-4DED-BE12-65A4A149558A}.Debug|Any CPU.Build.0 = Debug|Any CPU
		{1E74727E-EC44-4DED-BE12-65A4A149558A}.Debug|Any CPU.Deploy.0 = Debug|Any CPU
		{1E74727E-EC44-4DED-BE12-65A4A149558A}.Debug|iPhone.ActiveCfg = Debug|Any CPU
		{1E74727E-EC44-4DED-BE12-65A4A149558A}.Debug|iPhone.Build.0 = Debug|Any CPU
		{1E74727E-EC44-4DED-BE12-65A4A149558A}.Debug|iPhone.Deploy.0 = Debug|Any CPU
		{1E74727E-EC44-4DED-BE12-65A4A149558A}.Debug|iPhoneSimulator.ActiveCfg = Debug|Any CPU
		{1E74727E-EC44-4DED-BE12-65A4A149558A}.Debug|iPhoneSimulator.Build.0 = Debug|Any CPU
		{1E74727E-EC44-4DED-BE12-65A4A149558A}.Debug|iPhoneSimulator.Deploy.0 = Debug|Any CPU
		{1E74727E-EC44-4DED-BE12-65A4A149558A}.Release|Any CPU.ActiveCfg = Release|Any CPU
		{1E74727E-EC44-4DED-BE12-65A4A149558A}.Release|Any CPU.Build.0 = Release|Any CPU
		{1E74727E-EC44-4DED-BE12-65A4A149558A}.Release|Any CPU.Deploy.0 = Release|Any CPU
		{1E74727E-EC44-4DED-BE12-65A4A149558A}.Release|iPhone.ActiveCfg = Release|Any CPU
		{1E74727E-EC44-4DED-BE12-65A4A149558A}.Release|iPhone.Build.0 = Release|Any CPU
		{1E74727E-EC44-4DED-BE12-65A4A149558A}.Release|iPhone.Deploy.0 = Release|Any CPU
		{1E74727E-EC44-4DED-BE12-65A4A149558A}.Release|iPhoneSimulator.ActiveCfg = Release|Any CPU
		{1E74727E-EC44-4DED-BE12-65A4A149558A}.Release|iPhoneSimulator.Build.0 = Release|Any CPU
		{1E74727E-EC44-4DED-BE12-65A4A149558A}.Release|iPhoneSimulator.Deploy.0 = Release|Any CPU
		{91AEDB79-A8F0-44FB-9791-37A40AED4ACE}.Debug|Any CPU.ActiveCfg = Debug|iPhone
		{91AEDB79-A8F0-44FB-9791-37A40AED4ACE}.Debug|Any CPU.Build.0 = Debug|iPhone
		{91AEDB79-A8F0-44FB-9791-37A40AED4ACE}.Debug|Any CPU.Deploy.0 = Debug|iPhone
		{91AEDB79-A8F0-44FB-9791-37A40AED4ACE}.Debug|iPhone.ActiveCfg = Debug|iPhone
		{91AEDB79-A8F0-44FB-9791-37A40AED4ACE}.Debug|iPhone.Build.0 = Debug|iPhone
		{91AEDB79-A8F0-44FB-9791-37A40AED4ACE}.Debug|iPhone.Deploy.0 = Debug|iPhone
		{91AEDB79-A8F0-44FB-9791-37A40AED4ACE}.Debug|iPhoneSimulator.ActiveCfg = Debug|iPhoneSimulator
		{91AEDB79-A8F0-44FB-9791-37A40AED4ACE}.Debug|iPhoneSimulator.Build.0 = Debug|iPhoneSimulator
		{91AEDB79-A8F0-44FB-9791-37A40AED4ACE}.Debug|iPhoneSimulator.Deploy.0 = Debug|iPhoneSimulator
		{91AEDB79-A8F0-44FB-9791-37A40AED4ACE}.Release|Any CPU.ActiveCfg = Release|iPhoneSimulator
		{91AEDB79-A8F0-44FB-9791-37A40AED4ACE}.Release|Any CPU.Build.0 = Release|iPhoneSimulator
		{91AEDB79-A8F0-44FB-9791-37A40AED4ACE}.Release|Any CPU.Deploy.0 = Release|iPhoneSimulator
		{91AEDB79-A8F0-44FB-9791-37A40AED4ACE}.Release|iPhone.ActiveCfg = Release|iPhone
		{91AEDB79-A8F0-44FB-9791-37A40AED4ACE}.Release|iPhone.Build.0 = Release|iPhone
		{91AEDB79-A8F0-44FB-9791-37A40AED4ACE}.Release|iPhone.Deploy.0 = Release|iPhone
		{91AEDB79-A8F0-44FB-9791-37A40AED4ACE}.Release|iPhoneSimulator.ActiveCfg = Release|iPhoneSimulator
		{91AEDB79-A8F0-44FB-9791-37A40AED4ACE}.Release|iPhoneSimulator.Build.0 = Release|iPhoneSimulator
		{91AEDB79-A8F0-44FB-9791-37A40AED4ACE}.Release|iPhoneSimulator.Deploy.0 = Release|iPhoneSimulator
		{2EEE2F4D-2DD2-4D0B-A9E1-192318E1E0FA}.Debug|Any CPU.ActiveCfg = Debug|Any CPU
		{2EEE2F4D-2DD2-4D0B-A9E1-192318E1E0FA}.Debug|Any CPU.Build.0 = Debug|Any CPU
		{2EEE2F4D-2DD2-4D0B-A9E1-192318E1E0FA}.Debug|Any CPU.Deploy.0 = Debug|Any CPU
		{2EEE2F4D-2DD2-4D0B-A9E1-192318E1E0FA}.Debug|iPhone.ActiveCfg = Debug|Any CPU
		{2EEE2F4D-2DD2-4D0B-A9E1-192318E1E0FA}.Debug|iPhone.Build.0 = Debug|Any CPU
		{2EEE2F4D-2DD2-4D0B-A9E1-192318E1E0FA}.Debug|iPhone.Deploy.0 = Debug|Any CPU
		{2EEE2F4D-2DD2-4D0B-A9E1-192318E1E0FA}.Debug|iPhoneSimulator.ActiveCfg = Debug|Any CPU
		{2EEE2F4D-2DD2-4D0B-A9E1-192318E1E0FA}.Debug|iPhoneSimulator.Build.0 = Debug|Any CPU
		{2EEE2F4D-2DD2-4D0B-A9E1-192318E1E0FA}.Debug|iPhoneSimulator.Deploy.0 = Debug|Any CPU
		{2EEE2F4D-2DD2-4D0B-A9E1-192318E1E0FA}.Release|Any CPU.ActiveCfg = Release|Any CPU
		{2EEE2F4D-2DD2-4D0B-A9E1-192318E1E0FA}.Release|Any CPU.Build.0 = Release|Any CPU
		{2EEE2F4D-2DD2-4D0B-A9E1-192318E1E0FA}.Release|Any CPU.Deploy.0 = Release|Any CPU
		{2EEE2F4D-2DD2-4D0B-A9E1-192318E1E0FA}.Release|iPhone.ActiveCfg = Release|Any CPU
		{2EEE2F4D-2DD2-4D0B-A9E1-192318E1E0FA}.Release|iPhone.Build.0 = Release|Any CPU
		{2EEE2F4D-2DD2-4D0B-A9E1-192318E1E0FA}.Release|iPhone.Deploy.0 = Release|Any CPU
		{2EEE2F4D-2DD2-4D0B-A9E1-192318E1E0FA}.Release|iPhoneSimulator.ActiveCfg = Release|Any CPU
		{2EEE2F4D-2DD2-4D0B-A9E1-192318E1E0FA}.Release|iPhoneSimulator.Build.0 = Release|Any CPU
		{2EEE2F4D-2DD2-4D0B-A9E1-192318E1E0FA}.Release|iPhoneSimulator.Deploy.0 = Release|Any CPU
	EndGlobalSection
	GlobalSection(SolutionProperties) = preSolution
		HideSolutionNode = FALSE
	EndGlobalSection
	GlobalSection(ExtensibilityGlobals) = postSolution
		SolutionGuid = {82A10520-AF4A-4CAF-9E23-4935E02BF5EA}
	EndGlobalSection
EndGlobal
